
Microsoft Visual Studio Solution File, Format Version 12.00
# Visual Studio Version 16
VisualStudioVersion = 16.0.31515.178
MinimumVisualStudioVersion = 10.0.40219.1
Project("{9A19103F-16F7-4668-BE54-9A1E7A4F7556}") = "fcfgCcsv", "fcfgCcsv\fcfgCcsv.csproj", "{D3560B0C-C03C-4D67-8BC6-71977FDB3942}"
EndProject
Project("{2150E333-8FDC-42A3-9474-1A3956D46DE8}") = "fcfg2cvs_js", "fcfg2cvs_js", "{10129B94-4AC1-4F6B-A407-6F7832BDA8F2}"
	ProjectSection(SolutionItems) = preProject
		fcfg2csv\convert.html = fcfg2csv\convert.html
		fcfg2csv\fcfg2csv.js = fcfg2csv\fcfg2csv.js
	EndProjectSection
EndProject
Project("{2150E333-8FDC-42A3-9474-1A3956D46DE8}") = "Documents", "Documents", "{4D770DD2-B905-4274-8E52-61AE8D8AAD57}"
	ProjectSection(SolutionItems) = preProject
		LICENSE = LICENSE
		README.md = README.md
	EndProjectSection
EndProject
Global
	GlobalSection(SolutionConfigurationPlatforms) = preSolution
		Debug|Any CPU = Debug|Any CPU
		Release|Any CPU = Release|Any CPU
	EndGlobalSection
	GlobalSection(ProjectConfigurationPlatforms) = postSolution
		{D3560B0C-C03C-4D67-8BC6-71977FDB3942}.Debug|Any CPU.ActiveCfg = Debug|Any CPU
		{D3560B0C-C03C-4D67-8BC6-71977FDB3942}.Debug|Any CPU.Build.0 = Debug|Any CPU
		{D3560B0C-C03C-4D67-8BC6-71977FDB3942}.Release|Any CPU.ActiveCfg = Release|Any CPU
		{D3560B0C-C03C-4D67-8BC6-71977FDB3942}.Release|Any CPU.Build.0 = Release|Any CPU
	EndGlobalSection
	GlobalSection(SolutionProperties) = preSolution
		HideSolutionNode = FALSE
	EndGlobalSection
	GlobalSection(ExtensibilityGlobals) = postSolution
		SolutionGuid = {F6D5F2EA-2657-4475-9C6F-4CC1D4AA6EA7}
	EndGlobalSection
EndGlobal
